// !$*UTF8*$!
{
	archiveVersion = 1;
	classes = {
	};
	objectVersion = 50;
	objects = {

/* Begin PBXBuildFile section */
		78B97B4A2D9ABCBCF00370F7 /* Pods_WasMovie.framework in Frameworks */ = {isa = PBXBuildFile; fileRef = 7283D446F6FAF780482530FF /* Pods_WasMovie.framework */; };
		A701D31521696A1700619860 /* AppDelegate.swift in Sources */ = {isa = PBXBuildFile; fileRef = A701D31421696A1700619860 /* AppDelegate.swift */; };
		A701D31721696A1700619860 /* ViewController.swift in Sources */ = {isa = PBXBuildFile; fileRef = A701D31621696A1700619860 /* ViewController.swift */; };
		A701D32A21696A1900619860 /* WasMovieTests.swift in Sources */ = {isa = PBXBuildFile; fileRef = A701D32921696A1900619860 /* WasMovieTests.swift */; };
		A70F0C1121696B28004956D7 /* Assets.xcassets in Resources */ = {isa = PBXBuildFile; fileRef = A70F0C1021696B28004956D7 /* Assets.xcassets */; };
		A72A3D2921700ED600885FAA /* ListTableViewCell.swift in Sources */ = {isa = PBXBuildFile; fileRef = A72A3D2821700ED600885FAA /* ListTableViewCell.swift */; };
		A72A3D2B21703E8400885FAA /* UIImageViewExtensions.swift in Sources */ = {isa = PBXBuildFile; fileRef = A72A3D2A21703E8400885FAA /* UIImageViewExtensions.swift */; };
		A72A3D2D217227A800885FAA /* UIViewControllerExtensions.swift in Sources */ = {isa = PBXBuildFile; fileRef = A72A3D2C217227A800885FAA /* UIViewControllerExtensions.swift */; };
		A72A3D2F217227D700885FAA /* UIColorExtensions.swift in Sources */ = {isa = PBXBuildFile; fileRef = A72A3D2E217227D700885FAA /* UIColorExtensions.swift */; };
		A72A3D3121726AA000885FAA /* UITableViewExtensions.swift in Sources */ = {isa = PBXBuildFile; fileRef = A72A3D3021726AA000885FAA /* UITableViewExtensions.swift */; };
		A72A3D3521727A1200885FAA /* UIWindowExtensions.swift in Sources */ = {isa = PBXBuildFile; fileRef = A72A3D3421727A1200885FAA /* UIWindowExtensions.swift */; };
		A72A3D3B21727AD900885FAA /* PlaceholderView.swift in Sources */ = {isa = PBXBuildFile; fileRef = A72A3D3821727AD900885FAA /* PlaceholderView.swift */; };
		A72A3D3C21727AD900885FAA /* PlaceholderView.xib in Resources */ = {isa = PBXBuildFile; fileRef = A72A3D3921727AD900885FAA /* PlaceholderView.xib */; };
		A72A3D3D21727AD900885FAA /* PlaceholderViewModel.swift in Sources */ = {isa = PBXBuildFile; fileRef = A72A3D3A21727AD900885FAA /* PlaceholderViewModel.swift */; };
		A72A3D422172C97E00885FAA /* SearchViewController.swift in Sources */ = {isa = PBXBuildFile; fileRef = A72A3D412172C97E00885FAA /* SearchViewController.swift */; };
		A72A3D442172C99200885FAA /* SearchViewModel.swift in Sources */ = {isa = PBXBuildFile; fileRef = A72A3D432172C99200885FAA /* SearchViewModel.swift */; };
		A7337E33216C45820017CA43 /* Movie.swift in Sources */ = {isa = PBXBuildFile; fileRef = A7337E32216C45820017CA43 /* Movie.swift */; };
		A7337E36216C45B90017CA43 /* Typealias.swift in Sources */ = {isa = PBXBuildFile; fileRef = A7337E35216C45B90017CA43 /* Typealias.swift */; };
		A7337E3D216C4FB50017CA43 /* API.swift in Sources */ = {isa = PBXBuildFile; fileRef = A7337E3B216C4FB50017CA43 /* API.swift */; };
		A7337E3E216C4FB50017CA43 /* MovieManager.swift in Sources */ = {isa = PBXBuildFile; fileRef = A7337E3C216C4FB50017CA43 /* MovieManager.swift */; };
		A7337E41216C64D80017CA43 /* Localized.swift in Sources */ = {isa = PBXBuildFile; fileRef = A7337E40216C64D80017CA43 /* Localized.swift */; };
		A7337E44216C652C0017CA43 /* StringExtensions.swift in Sources */ = {isa = PBXBuildFile; fileRef = A7337E43216C652C0017CA43 /* StringExtensions.swift */; };
		A7337E49216C65D10017CA43 /* ListViewModel.swift in Sources */ = {isa = PBXBuildFile; fileRef = A7337E48216C65D10017CA43 /* ListViewModel.swift */; };
		A7337E4B216C65EF0017CA43 /* CellViewModel.swift in Sources */ = {isa = PBXBuildFile; fileRef = A7337E4A216C65EF0017CA43 /* CellViewModel.swift */; };
		A7337E4E216C66140017CA43 /* DetailViewModel.swift in Sources */ = {isa = PBXBuildFile; fileRef = A7337E4D216C66140017CA43 /* DetailViewModel.swift */; };
		A7337E50216C6AD20017CA43 /* MovieViewModelProtocol.swift in Sources */ = {isa = PBXBuildFile; fileRef = A7337E4F216C6AD20017CA43 /* MovieViewModelProtocol.swift */; };
		A7337E52216C6BC40017CA43 /* ListViewController.swift in Sources */ = {isa = PBXBuildFile; fileRef = A7337E51216C6BC40017CA43 /* ListViewController.swift */; };
		A774EBA121696C560004AA25 /* LaunchScreen.storyboard in Resources */ = {isa = PBXBuildFile; fileRef = A774EB9F21696C560004AA25 /* LaunchScreen.storyboard */; };
		A774EBA221696C560004AA25 /* Main.storyboard in Resources */ = {isa = PBXBuildFile; fileRef = A774EBA021696C560004AA25 /* Main.storyboard */; };
		A77FA6B621757E0F003221C5 /* PersistenceManager.swift in Sources */ = {isa = PBXBuildFile; fileRef = A77FA6B521757E0F003221C5 /* PersistenceManager.swift */; };
		A77FA6B821758301003221C5 /* Query.swift in Sources */ = {isa = PBXBuildFile; fileRef = A77FA6B721758301003221C5 /* Query.swift */; };
/* End PBXBuildFile section */

/* Begin PBXContainerItemProxy section */
		A701D32621696A1900619860 /* PBXContainerItemProxy */ = {
			isa = PBXContainerItemProxy;
			containerPortal = A701D30921696A1700619860 /* Project object */;
			proxyType = 1;
			remoteGlobalIDString = A701D31021696A1700619860;
			remoteInfo = WasMovie;
		};
/* End PBXContainerItemProxy section */

/* Begin PBXFileReference section */
		48878C3DD780F661A0287E9B /* Pods_WasMovieTests.framework */ = {isa = PBXFileReference; explicitFileType = wrapper.framework; includeInIndex = 0; path = Pods_WasMovieTests.framework; sourceTree = BUILT_PRODUCTS_DIR; };
		6446AFFB562B01D24D007214 /* Pods-WasMovie.debug.xcconfig */ = {isa = PBXFileReference; includeInIndex = 1; lastKnownFileType = text.xcconfig; name = "Pods-WasMovie.debug.xcconfig"; path = "Pods/Target Support Files/Pods-WasMovie/Pods-WasMovie.debug.xcconfig"; sourceTree = "<group>"; };
		7283D446F6FAF780482530FF /* Pods_WasMovie.framework */ = {isa = PBXFileReference; explicitFileType = wrapper.framework; includeInIndex = 0; path = Pods_WasMovie.framework; sourceTree = BUILT_PRODUCTS_DIR; };
		A701D31121696A1700619860 /* WasMovie.app */ = {isa = PBXFileReference; explicitFileType = wrapper.application; includeInIndex = 0; path = WasMovie.app; sourceTree = BUILT_PRODUCTS_DIR; };
		A701D31421696A1700619860 /* AppDelegate.swift */ = {isa = PBXFileReference; lastKnownFileType = sourcecode.swift; path = AppDelegate.swift; sourceTree = "<group>"; };
		A701D31621696A1700619860 /* ViewController.swift */ = {isa = PBXFileReference; lastKnownFileType = sourcecode.swift; path = ViewController.swift; sourceTree = "<group>"; };
		A701D32021696A1900619860 /* Info.plist */ = {isa = PBXFileReference; lastKnownFileType = text.plist.xml; path = Info.plist; sourceTree = "<group>"; };
		A701D32521696A1900619860 /* WasMovieTests.xctest */ = {isa = PBXFileReference; explicitFileType = wrapper.cfbundle; includeInIndex = 0; path = WasMovieTests.xctest; sourceTree = BUILT_PRODUCTS_DIR; };
		A701D32921696A1900619860 /* WasMovieTests.swift */ = {isa = PBXFileReference; lastKnownFileType = sourcecode.swift; path = WasMovieTests.swift; sourceTree = "<group>"; };
		A701D32B21696A1900619860 /* Info.plist */ = {isa = PBXFileReference; lastKnownFileType = text.plist.xml; path = Info.plist; sourceTree = "<group>"; };
		A70F0C1021696B28004956D7 /* Assets.xcassets */ = {isa = PBXFileReference; lastKnownFileType = folder.assetcatalog; path = Assets.xcassets; sourceTree = "<group>"; };
		A72A3D2821700ED600885FAA /* ListTableViewCell.swift */ = {isa = PBXFileReference; lastKnownFileType = sourcecode.swift; path = ListTableViewCell.swift; sourceTree = "<group>"; };
		A72A3D2A21703E8400885FAA /* UIImageViewExtensions.swift */ = {isa = PBXFileReference; lastKnownFileType = sourcecode.swift; path = UIImageViewExtensions.swift; sourceTree = "<group>"; };
		A72A3D2C217227A800885FAA /* UIViewControllerExtensions.swift */ = {isa = PBXFileReference; lastKnownFileType = sourcecode.swift; path = UIViewControllerExtensions.swift; sourceTree = "<group>"; };
		A72A3D2E217227D700885FAA /* UIColorExtensions.swift */ = {isa = PBXFileReference; lastKnownFileType = sourcecode.swift; path = UIColorExtensions.swift; sourceTree = "<group>"; };
		A72A3D3021726AA000885FAA /* UITableViewExtensions.swift */ = {isa = PBXFileReference; lastKnownFileType = sourcecode.swift; path = UITableViewExtensions.swift; sourceTree = "<group>"; };
		A72A3D3421727A1200885FAA /* UIWindowExtensions.swift */ = {isa = PBXFileReference; lastKnownFileType = sourcecode.swift; path = UIWindowExtensions.swift; sourceTree = "<group>"; };
		A72A3D3821727AD900885FAA /* PlaceholderView.swift */ = {isa = PBXFileReference; fileEncoding = 4; lastKnownFileType = sourcecode.swift; path = PlaceholderView.swift; sourceTree = "<group>"; };
		A72A3D3921727AD900885FAA /* PlaceholderView.xib */ = {isa = PBXFileReference; fileEncoding = 4; lastKnownFileType = file.xib; path = PlaceholderView.xib; sourceTree = "<group>"; };
		A72A3D3A21727AD900885FAA /* PlaceholderViewModel.swift */ = {isa = PBXFileReference; fileEncoding = 4; lastKnownFileType = sourcecode.swift; path = PlaceholderViewModel.swift; sourceTree = "<group>"; };
		A72A3D412172C97E00885FAA /* SearchViewController.swift */ = {isa = PBXFileReference; lastKnownFileType = sourcecode.swift; path = SearchViewController.swift; sourceTree = "<group>"; };
		A72A3D432172C99200885FAA /* SearchViewModel.swift */ = {isa = PBXFileReference; lastKnownFileType = sourcecode.swift; path = SearchViewModel.swift; sourceTree = "<group>"; };
		A7337E32216C45820017CA43 /* Movie.swift */ = {isa = PBXFileReference; lastKnownFileType = sourcecode.swift; path = Movie.swift; sourceTree = "<group>"; };
		A7337E35216C45B90017CA43 /* Typealias.swift */ = {isa = PBXFileReference; lastKnownFileType = sourcecode.swift; path = Typealias.swift; sourceTree = "<group>"; };
		A7337E3B216C4FB50017CA43 /* API.swift */ = {isa = PBXFileReference; fileEncoding = 4; lastKnownFileType = sourcecode.swift; path = API.swift; sourceTree = "<group>"; };
		A7337E3C216C4FB50017CA43 /* MovieManager.swift */ = {isa = PBXFileReference; fileEncoding = 4; lastKnownFileType = sourcecode.swift; path = MovieManager.swift; sourceTree = "<group>"; };
		A7337E40216C64D80017CA43 /* Localized.swift */ = {isa = PBXFileReference; fileEncoding = 4; lastKnownFileType = sourcecode.swift; path = Localized.swift; sourceTree = "<group>"; };
		A7337E43216C652C0017CA43 /* StringExtensions.swift */ = {isa = PBXFileReference; lastKnownFileType = sourcecode.swift; path = StringExtensions.swift; sourceTree = "<group>"; };
		A7337E48216C65D10017CA43 /* ListViewModel.swift */ = {isa = PBXFileReference; lastKnownFileType = sourcecode.swift; path = ListViewModel.swift; sourceTree = "<group>"; };
		A7337E4A216C65EF0017CA43 /* CellViewModel.swift */ = {isa = PBXFileReference; lastKnownFileType = sourcecode.swift; path = CellViewModel.swift; sourceTree = "<group>"; };
		A7337E4D216C66140017CA43 /* DetailViewModel.swift */ = {isa = PBXFileReference; lastKnownFileType = sourcecode.swift; path = DetailViewModel.swift; sourceTree = "<group>"; };
		A7337E4F216C6AD20017CA43 /* MovieViewModelProtocol.swift */ = {isa = PBXFileReference; lastKnownFileType = sourcecode.swift; path = MovieViewModelProtocol.swift; sourceTree = "<group>"; };
		A7337E51216C6BC40017CA43 /* ListViewController.swift */ = {isa = PBXFileReference; lastKnownFileType = sourcecode.swift; path = ListViewController.swift; sourceTree = "<group>"; };
		A774EB9F21696C560004AA25 /* LaunchScreen.storyboard */ = {isa = PBXFileReference; fileEncoding = 4; lastKnownFileType = file.storyboard; path = LaunchScreen.storyboard; sourceTree = "<group>"; };
		A774EBA021696C560004AA25 /* Main.storyboard */ = {isa = PBXFileReference; fileEncoding = 4; lastKnownFileType = file.storyboard; path = Main.storyboard; sourceTree = "<group>"; };
		A77FA6B521757E0F003221C5 /* PersistenceManager.swift */ = {isa = PBXFileReference; fileEncoding = 4; lastKnownFileType = sourcecode.swift; path = PersistenceManager.swift; sourceTree = "<group>"; };
		A77FA6B721758301003221C5 /* Query.swift */ = {isa = PBXFileReference; lastKnownFileType = sourcecode.swift; path = Query.swift; sourceTree = "<group>"; };
		D5C43C48E8B04D6D0F6D2871 /* Pods-WasMovie.release.xcconfig */ = {isa = PBXFileReference; includeInIndex = 1; lastKnownFileType = text.xcconfig; name = "Pods-WasMovie.release.xcconfig"; path = "Pods/Target Support Files/Pods-WasMovie/Pods-WasMovie.release.xcconfig"; sourceTree = "<group>"; };
/* End PBXFileReference section */

/* Begin PBXFrameworksBuildPhase section */
		A701D32221696A1900619860 /* Frameworks */ = {
			isa = PBXFrameworksBuildPhase;
			buildActionMask = 2147483647;
			files = (
			);
			runOnlyForDeploymentPostprocessing = 0;
		};
		FDE848F671EDFEDADF21E40F /* Frameworks */ = {
			isa = PBXFrameworksBuildPhase;
			buildActionMask = 2147483647;
			files = (
				78B97B4A2D9ABCBCF00370F7 /* Pods_WasMovie.framework in Frameworks */,
			);
			runOnlyForDeploymentPostprocessing = 0;
		};
/* End PBXFrameworksBuildPhase section */

/* Begin PBXGroup section */
		A701D30821696A1700619860 = {
			isa = PBXGroup;
			children = (
				A701D31321696A1700619860 /* WasMovie */,
				A701D32821696A1900619860 /* WasMovieTests */,
				A701D31221696A1700619860 /* Products */,
				ADB347D3775FDD844EB9D7CD /* Pods */,
				CB881F7063DA20D985C6CE1B /* Frameworks */,
			);
			sourceTree = "<group>";
		};
		A701D31221696A1700619860 /* Products */ = {
			isa = PBXGroup;
			children = (
				A701D31121696A1700619860 /* WasMovie.app */,
				A701D32521696A1900619860 /* WasMovieTests.xctest */,
			);
			name = Products;
			sourceTree = "<group>";
		};
		A701D31321696A1700619860 /* WasMovie */ = {
			isa = PBXGroup;
			children = (
				A70F0C1321696BC5004956D7 /* Resources */,
				A70F0C1221696BBE004956D7 /* Sources */,
			);
			path = WasMovie;
			sourceTree = "<group>";
		};
		A701D32821696A1900619860 /* WasMovieTests */ = {
			isa = PBXGroup;
			children = (
				A701D32921696A1900619860 /* WasMovieTests.swift */,
				A701D32B21696A1900619860 /* Info.plist */,
			);
			path = WasMovieTests;
			sourceTree = "<group>";
		};
		A70F0C1221696BBE004956D7 /* Sources */ = {
			isa = PBXGroup;
			children = (
				A77FA6B421757E05003221C5 /* Persistence */,
				A72A3D3621727ABF00885FAA /* Components */,
				A7337E46216C65AA0017CA43 /* Modules */,
				A7337E42216C651A0017CA43 /* Extensions */,
				A7337E3F216C64D80017CA43 /* Language */,
				A7337E3A216C4FB50017CA43 /* Network */,
				A7337E34216C45A60017CA43 /* Helpers */,
				A7337E31216C45750017CA43 /* Models */,
				A701D31421696A1700619860 /* AppDelegate.swift */,
				A701D31621696A1700619860 /* ViewController.swift */,
			);
			path = Sources;
			sourceTree = "<group>";
		};
		A70F0C1321696BC5004956D7 /* Resources */ = {
			isa = PBXGroup;
			children = (
				A70F0C1021696B28004956D7 /* Assets.xcassets */,
				A70F0C1521696BFE004956D7 /* Support Files */,
				A70F0C1421696BEF004956D7 /* Presentation */,
			);
			path = Resources;
			sourceTree = "<group>";
		};
		A70F0C1421696BEF004956D7 /* Presentation */ = {
			isa = PBXGroup;
			children = (
				A774EB9F21696C560004AA25 /* LaunchScreen.storyboard */,
				A774EBA021696C560004AA25 /* Main.storyboard */,
			);
			path = Presentation;
			sourceTree = "<group>";
		};
		A70F0C1521696BFE004956D7 /* Support Files */ = {
			isa = PBXGroup;
			children = (
				A701D32021696A1900619860 /* Info.plist */,
			);
			path = "Support Files";
			sourceTree = "<group>";
		};
		A72A3D3621727ABF00885FAA /* Components */ = {
			isa = PBXGroup;
			children = (
				A72A3D3721727AD900885FAA /* PlaceholderView */,
			);
			path = Components;
			sourceTree = "<group>";
		};
		A72A3D3721727AD900885FAA /* PlaceholderView */ = {
			isa = PBXGroup;
			children = (
				A72A3D3821727AD900885FAA /* PlaceholderView.swift */,
				A72A3D3921727AD900885FAA /* PlaceholderView.xib */,
				A72A3D3A21727AD900885FAA /* PlaceholderViewModel.swift */,
			);
			path = PlaceholderView;
			sourceTree = "<group>";
		};
		A72A3D402172C94E00885FAA /* Search */ = {
			isa = PBXGroup;
			children = (
				A72A3D412172C97E00885FAA /* SearchViewController.swift */,
				A72A3D432172C99200885FAA /* SearchViewModel.swift */,
			);
			path = Search;
			sourceTree = "<group>";
		};
		A7337E31216C45750017CA43 /* Models */ = {
			isa = PBXGroup;
			children = (
				A7337E32216C45820017CA43 /* Movie.swift */,
				A77FA6B721758301003221C5 /* Query.swift */,
			);
			path = Models;
			sourceTree = "<group>";
		};
		A7337E34216C45A60017CA43 /* Helpers */ = {
			isa = PBXGroup;
			children = (
				A7337E35216C45B90017CA43 /* Typealias.swift */,
				A7337E4F216C6AD20017CA43 /* MovieViewModelProtocol.swift */,
			);
			path = Helpers;
			sourceTree = "<group>";
		};
		A7337E3A216C4FB50017CA43 /* Network */ = {
			isa = PBXGroup;
			children = (
				A7337E3B216C4FB50017CA43 /* API.swift */,
				A7337E3C216C4FB50017CA43 /* MovieManager.swift */,
			);
			path = Network;
			sourceTree = "<group>";
		};
		A7337E3F216C64D80017CA43 /* Language */ = {
			isa = PBXGroup;
			children = (
				A7337E40216C64D80017CA43 /* Localized.swift */,
			);
			path = Language;
			sourceTree = "<group>";
		};
		A7337E42216C651A0017CA43 /* Extensions */ = {
			isa = PBXGroup;
			children = (
				A7337E43216C652C0017CA43 /* StringExtensions.swift */,
				A72A3D2A21703E8400885FAA /* UIImageViewExtensions.swift */,
				A72A3D2C217227A800885FAA /* UIViewControllerExtensions.swift */,
				A72A3D2E217227D700885FAA /* UIColorExtensions.swift */,
				A72A3D3021726AA000885FAA /* UITableViewExtensions.swift */,
				A72A3D3421727A1200885FAA /* UIWindowExtensions.swift */,
			);
			path = Extensions;
			sourceTree = "<group>";
		};
		A7337E46216C65AA0017CA43 /* Modules */ = {
			isa = PBXGroup;
			children = (
				A72A3D402172C94E00885FAA /* Search */,
				A7337E4C216C66020017CA43 /* Detail */,
				A7337E47216C65B30017CA43 /* List */,
			);
			path = Modules;
			sourceTree = "<group>";
		};
		A7337E47216C65B30017CA43 /* List */ = {
			isa = PBXGroup;
			children = (
				A7337E48216C65D10017CA43 /* ListViewModel.swift */,
				A7337E4A216C65EF0017CA43 /* CellViewModel.swift */,
				A7337E51216C6BC40017CA43 /* ListViewController.swift */,
				A72A3D2821700ED600885FAA /* ListTableViewCell.swift */,
			);
			path = List;
			sourceTree = "<group>";
		};
		A7337E4C216C66020017CA43 /* Detail */ = {
			isa = PBXGroup;
			children = (
				A7337E4D216C66140017CA43 /* DetailViewModel.swift */,
			);
			path = Detail;
			sourceTree = "<group>";
		};
		A77FA6B421757E05003221C5 /* Persistence */ = {
			isa = PBXGroup;
			children = (
				A77FA6B521757E0F003221C5 /* PersistenceManager.swift */,
			);
			path = Persistence;
			sourceTree = "<group>";
		};
		ADB347D3775FDD844EB9D7CD /* Pods */ = {
			isa = PBXGroup;
			children = (
				6446AFFB562B01D24D007214 /* Pods-WasMovie.debug.xcconfig */,
				D5C43C48E8B04D6D0F6D2871 /* Pods-WasMovie.release.xcconfig */,
			);
			name = Pods;
			sourceTree = "<group>";
		};
		CB881F7063DA20D985C6CE1B /* Frameworks */ = {
			isa = PBXGroup;
			children = (
				7283D446F6FAF780482530FF /* Pods_WasMovie.framework */,
				48878C3DD780F661A0287E9B /* Pods_WasMovieTests.framework */,
			);
			name = Frameworks;
			sourceTree = "<group>";
		};
/* End PBXGroup section */

/* Begin PBXNativeTarget section */
		A701D31021696A1700619860 /* WasMovie */ = {
			isa = PBXNativeTarget;
			buildConfigurationList = A701D32E21696A1900619860 /* Build configuration list for PBXNativeTarget "WasMovie" */;
			buildPhases = (
				F6F254B042F184533723232B /* [CP] Check Pods Manifest.lock */,
				A701D30D21696A1700619860 /* Sources */,
				A701D30F21696A1700619860 /* Resources */,
				FDE848F671EDFEDADF21E40F /* Frameworks */,
				457C5640433EBB1A21430EBF /* [CP] Embed Pods Frameworks */,
			);
			buildRules = (
			);
			dependencies = (
			);
			name = WasMovie;
			productName = WasMovie;
			productReference = A701D31121696A1700619860 /* WasMovie.app */;
			productType = "com.apple.product-type.application";
		};
		A701D32421696A1900619860 /* WasMovieTests */ = {
			isa = PBXNativeTarget;
			buildConfigurationList = A701D33121696A1900619860 /* Build configuration list for PBXNativeTarget "WasMovieTests" */;
			buildPhases = (
				A701D32121696A1900619860 /* Sources */,
				A701D32221696A1900619860 /* Frameworks */,
				A701D32321696A1900619860 /* Resources */,
			);
			buildRules = (
			);
			dependencies = (
				A701D32721696A1900619860 /* PBXTargetDependency */,
			);
			name = WasMovieTests;
			productName = WasMovieTests;
			productReference = A701D32521696A1900619860 /* WasMovieTests.xctest */;
			productType = "com.apple.product-type.bundle.unit-test";
		};
/* End PBXNativeTarget section */

/* Begin PBXProject section */
		A701D30921696A1700619860 /* Project object */ = {
			isa = PBXProject;
			attributes = {
				LastSwiftUpdateCheck = 1000;
				LastUpgradeCheck = 1000;
				ORGANIZATIONNAME = "Wagner Sales";
				TargetAttributes = {
					A701D31021696A1700619860 = {
						CreatedOnToolsVersion = 10.0;
					};
					A701D32421696A1900619860 = {
						CreatedOnToolsVersion = 10.0;
						TestTargetID = A701D31021696A1700619860;
					};
				};
			};
			buildConfigurationList = A701D30C21696A1700619860 /* Build configuration list for PBXProject "WasMovie" */;
			compatibilityVersion = "Xcode 9.3";
			developmentRegion = en;
			hasScannedForEncodings = 0;
			knownRegions = (
				en,
				Base,
			);
			mainGroup = A701D30821696A1700619860;
			productRefGroup = A701D31221696A1700619860 /* Products */;
			projectDirPath = "";
			projectRoot = "";
			targets = (
				A701D31021696A1700619860 /* WasMovie */,
				A701D32421696A1900619860 /* WasMovieTests */,
			);
		};
/* End PBXProject section */

/* Begin PBXResourcesBuildPhase section */
		A701D30F21696A1700619860 /* Resources */ = {
			isa = PBXResourcesBuildPhase;
			buildActionMask = 2147483647;
			files = (
				A774EBA221696C560004AA25 /* Main.storyboard in Resources */,
				A70F0C1121696B28004956D7 /* Assets.xcassets in Resources */,
				A72A3D3C21727AD900885FAA /* PlaceholderView.xib in Resources */,
				A774EBA121696C560004AA25 /* LaunchScreen.storyboard in Resources */,
			);
			runOnlyForDeploymentPostprocessing = 0;
		};
		A701D32321696A1900619860 /* Resources */ = {
			isa = PBXResourcesBuildPhase;
			buildActionMask = 2147483647;
			files = (
			);
			runOnlyForDeploymentPostprocessing = 0;
		};
/* End PBXResourcesBuildPhase section */

/* Begin PBXShellScriptBuildPhase section */
		457C5640433EBB1A21430EBF /* [CP] Embed Pods Frameworks */ = {
			isa = PBXShellScriptBuildPhase;
			buildActionMask = 2147483647;
			files = (
			);
			inputFileListPaths = (
			);
			inputPaths = (
				"${SRCROOT}/Pods/Target Support Files/Pods-WasMovie/Pods-WasMovie-frameworks.sh",
				"${BUILT_PRODUCTS_DIR}/Alamofire/Alamofire.framework",
				"${BUILT_PRODUCTS_DIR}/AlamofireImage/AlamofireImage.framework",
				"${BUILT_PRODUCTS_DIR}/Realm/Realm.framework",
				"${BUILT_PRODUCTS_DIR}/RealmSwift/RealmSwift.framework",
				"${BUILT_PRODUCTS_DIR}/SCLAlertView/SCLAlertView.framework",
				"${BUILT_PRODUCTS_DIR}/SwiftyJSON/SwiftyJSON.framework",
			);
			name = "[CP] Embed Pods Frameworks";
			outputFileListPaths = (
			);
			outputPaths = (
				"${TARGET_BUILD_DIR}/${FRAMEWORKS_FOLDER_PATH}/Alamofire.framework",
				"${TARGET_BUILD_DIR}/${FRAMEWORKS_FOLDER_PATH}/AlamofireImage.framework",
				"${TARGET_BUILD_DIR}/${FRAMEWORKS_FOLDER_PATH}/Realm.framework",
				"${TARGET_BUILD_DIR}/${FRAMEWORKS_FOLDER_PATH}/RealmSwift.framework",
				"${TARGET_BUILD_DIR}/${FRAMEWORKS_FOLDER_PATH}/SCLAlertView.framework",
				"${TARGET_BUILD_DIR}/${FRAMEWORKS_FOLDER_PATH}/SwiftyJSON.framework",
			);
			runOnlyForDeploymentPostprocessing = 0;
			shellPath = /bin/sh;
			shellScript = "\"${SRCROOT}/Pods/Target Support Files/Pods-WasMovie/Pods-WasMovie-frameworks.sh\"\n";
			showEnvVarsInLog = 0;
		};
		F6F254B042F184533723232B /* [CP] Check Pods Manifest.lock */ = {
			isa = PBXShellScriptBuildPhase;
			buildActionMask = 2147483647;
			files = (
			);
			inputFileListPaths = (
			);
			inputPaths = (
				"${PODS_PODFILE_DIR_PATH}/Podfile.lock",
				"${PODS_ROOT}/Manifest.lock",
			);
			name = "[CP] Check Pods Manifest.lock";
			outputFileListPaths = (
			);
			outputPaths = (
				"$(DERIVED_FILE_DIR)/Pods-WasMovie-checkManifestLockResult.txt",
			);
			runOnlyForDeploymentPostprocessing = 0;
			shellPath = /bin/sh;
			shellScript = "diff \"${PODS_PODFILE_DIR_PATH}/Podfile.lock\" \"${PODS_ROOT}/Manifest.lock\" > /dev/null\nif [ $? != 0 ] ; then\n    # print error to STDERR\n    echo \"error: The sandbox is not in sync with the Podfile.lock. Run 'pod install' or update your CocoaPods installation.\" >&2\n    exit 1\nfi\n# This output is used by Xcode 'outputs' to avoid re-running this script phase.\necho \"SUCCESS\" > \"${SCRIPT_OUTPUT_FILE_0}\"\n";
			showEnvVarsInLog = 0;
		};
/* End PBXShellScriptBuildPhase section */

/* Begin PBXSourcesBuildPhase section */
		A701D30D21696A1700619860 /* Sources */ = {
			isa = PBXSourcesBuildPhase;
			buildActionMask = 2147483647;
			files = (
				A72A3D2D217227A800885FAA /* UIViewControllerExtensions.swift in Sources */,
				A7337E4B216C65EF0017CA43 /* CellViewModel.swift in Sources */,
				A7337E44216C652C0017CA43 /* StringExtensions.swift in Sources */,
				A77FA6B621757E0F003221C5 /* PersistenceManager.swift in Sources */,
				A72A3D3121726AA000885FAA /* UITableViewExtensions.swift in Sources */,
				A77FA6B821758301003221C5 /* Query.swift in Sources */,
				A7337E3D216C4FB50017CA43 /* API.swift in Sources */,
				A72A3D3B21727AD900885FAA /* PlaceholderView.swift in Sources */,
				A7337E33216C45820017CA43 /* Movie.swift in Sources */,
				A701D31721696A1700619860 /* ViewController.swift in Sources */,
				A701D31521696A1700619860 /* AppDelegate.swift in Sources */,
				A7337E49216C65D10017CA43 /* ListViewModel.swift in Sources */,
				A72A3D2F217227D700885FAA /* UIColorExtensions.swift in Sources */,
				A72A3D3D21727AD900885FAA /* PlaceholderViewModel.swift in Sources */,
				A72A3D422172C97E00885FAA /* SearchViewController.swift in Sources */,
				A72A3D2921700ED600885FAA /* ListTableViewCell.swift in Sources */,
				A7337E36216C45B90017CA43 /* Typealias.swift in Sources */,
				A7337E41216C64D80017CA43 /* Localized.swift in Sources */,
				A7337E50216C6AD20017CA43 /* MovieViewModelProtocol.swift in Sources */,
				A72A3D442172C99200885FAA /* SearchViewModel.swift in Sources */,
				A7337E4E216C66140017CA43 /* DetailViewModel.swift in Sources */,
				A7337E52216C6BC40017CA43 /* ListViewController.swift in Sources */,
				A72A3D3521727A1200885FAA /* UIWindowExtensions.swift in Sources */,
				A72A3D2B21703E8400885FAA /* UIImageViewExtensions.swift in Sources */,
				A7337E3E216C4FB50017CA43 /* MovieManager.swift in Sources */,
			);
			runOnlyForDeploymentPostprocessing = 0;
		};
		A701D32121696A1900619860 /* Sources */ = {
			isa = PBXSourcesBuildPhase;
			buildActionMask = 2147483647;
			files = (
				A701D32A21696A1900619860 /* WasMovieTests.swift in Sources */,
			);
			runOnlyForDeploymentPostprocessing = 0;
		};
/* End PBXSourcesBuildPhase section */

/* Begin PBXTargetDependency section */
		A701D32721696A1900619860 /* PBXTargetDependency */ = {
			isa = PBXTargetDependency;
			target = A701D31021696A1700619860 /* WasMovie */;
			targetProxy = A701D32621696A1900619860 /* PBXContainerItemProxy */;
		};
/* End PBXTargetDependency section */

/* Begin XCBuildConfiguration section */
		A701D32C21696A1900619860 /* Debug */ = {
			isa = XCBuildConfiguration;
			buildSettings = {
				ALWAYS_SEARCH_USER_PATHS = NO;
				CLANG_ANALYZER_NONNULL = YES;
				CLANG_ANALYZER_NUMBER_OBJECT_CONVERSION = YES_AGGRESSIVE;
				CLANG_CXX_LANGUAGE_STANDARD = "gnu++14";
				CLANG_CXX_LIBRARY = "libc++";
				CLANG_ENABLE_MODULES = YES;
				CLANG_ENABLE_OBJC_ARC = YES;
				CLANG_ENABLE_OBJC_WEAK = YES;
				CLANG_WARN_BLOCK_CAPTURE_AUTORELEASING = YES;
				CLANG_WARN_BOOL_CONVERSION = YES;
				CLANG_WARN_COMMA = YES;
				CLANG_WARN_CONSTANT_CONVERSION = YES;
				CLANG_WARN_DEPRECATED_OBJC_IMPLEMENTATIONS = YES;
				CLANG_WARN_DIRECT_OBJC_ISA_USAGE = YES_ERROR;
				CLANG_WARN_DOCUMENTATION_COMMENTS = YES;
				CLANG_WARN_EMPTY_BODY = YES;
				CLANG_WARN_ENUM_CONVERSION = YES;
				CLANG_WARN_INFINITE_RECURSION = YES;
				CLANG_WARN_INT_CONVERSION = YES;
				CLANG_WARN_NON_LITERAL_NULL_CONVERSION = YES;
				CLANG_WARN_OBJC_IMPLICIT_RETAIN_SELF = YES;
				CLANG_WARN_OBJC_LITERAL_CONVERSION = YES;
				CLANG_WARN_OBJC_ROOT_CLASS = YES_ERROR;
				CLANG_WARN_RANGE_LOOP_ANALYSIS = YES;
				CLANG_WARN_STRICT_PROTOTYPES = YES;
				CLANG_WARN_SUSPICIOUS_MOVE = YES;
				CLANG_WARN_UNGUARDED_AVAILABILITY = YES_AGGRESSIVE;
				CLANG_WARN_UNREACHABLE_CODE = YES;
				CLANG_WARN__DUPLICATE_METHOD_MATCH = YES;
				CODE_SIGN_IDENTITY = "iPhone Developer";
				COPY_PHASE_STRIP = NO;
				DEBUG_INFORMATION_FORMAT = dwarf;
				ENABLE_STRICT_OBJC_MSGSEND = YES;
				ENABLE_TESTABILITY = YES;
				GCC_C_LANGUAGE_STANDARD = gnu11;
				GCC_DYNAMIC_NO_PIC = NO;
				GCC_NO_COMMON_BLOCKS = YES;
				GCC_OPTIMIZATION_LEVEL = 0;
				GCC_PREPROCESSOR_DEFINITIONS = (
					"DEBUG=1",
					"$(inherited)",
				);
				GCC_WARN_64_TO_32_BIT_CONVERSION = YES;
				GCC_WARN_ABOUT_RETURN_TYPE = YES_ERROR;
				GCC_WARN_UNDECLARED_SELECTOR = YES;
				GCC_WARN_UNINITIALIZED_AUTOS = YES_AGGRESSIVE;
				GCC_WARN_UNUSED_FUNCTION = YES;
				GCC_WARN_UNUSED_VARIABLE = YES;
				IPHONEOS_DEPLOYMENT_TARGET = 9.0;
				MTL_ENABLE_DEBUG_INFO = INCLUDE_SOURCE;
				MTL_FAST_MATH = YES;
				ONLY_ACTIVE_ARCH = YES;
				SDKROOT = iphoneos;
				SWIFT_ACTIVE_COMPILATION_CONDITIONS = DEBUG;
				SWIFT_OPTIMIZATION_LEVEL = "-Onone";
			};
			name = Debug;
		};
		A701D32D21696A1900619860 /* Release */ = {
			isa = XCBuildConfiguration;
			buildSettings = {
				ALWAYS_SEARCH_USER_PATHS = NO;
				CLANG_ANALYZER_NONNULL = YES;
				CLANG_ANALYZER_NUMBER_OBJECT_CONVERSION = YES_AGGRESSIVE;
				CLANG_CXX_LANGUAGE_STANDARD = "gnu++14";
				CLANG_CXX_LIBRARY = "libc++";
				CLANG_ENABLE_MODULES = YES;
				CLANG_ENABLE_OBJC_ARC = YES;
				CLANG_ENABLE_OBJC_WEAK = YES;
				CLANG_WARN_BLOCK_CAPTURE_AUTORELEASING = YES;
				CLANG_WARN_BOOL_CONVERSION = YES;
				CLANG_WARN_COMMA = YES;
				CLANG_WARN_CONSTANT_CONVERSION = YES;
				CLANG_WARN_DEPRECATED_OBJC_IMPLEMENTATIONS = YES;
				CLANG_WARN_DIRECT_OBJC_ISA_USAGE = YES_ERROR;
				CLANG_WARN_DOCUMENTATION_COMMENTS = YES;
				CLANG_WARN_EMPTY_BODY = YES;
				CLANG_WARN_ENUM_CONVERSION = YES;
				CLANG_WARN_INFINITE_RECURSION = YES;
				CLANG_WARN_INT_CONVERSION = YES;
				CLANG_WARN_NON_LITERAL_NULL_CONVERSION = YES;
				CLANG_WARN_OBJC_IMPLICIT_RETAIN_SELF = YES;
				CLANG_WARN_OBJC_LITERAL_CONVERSION = YES;
				CLANG_WARN_OBJC_ROOT_CLASS = YES_ERROR;
				CLANG_WARN_RANGE_LOOP_ANALYSIS = YES;
				CLANG_WARN_STRICT_PROTOTYPES = YES;
				CLANG_WARN_SUSPICIOUS_MOVE = YES;
				CLANG_WARN_UNGUARDED_AVAILABILITY = YES_AGGRESSIVE;
				CLANG_WARN_UNREACHABLE_CODE = YES;
				CLANG_WARN__DUPLICATE_METHOD_MATCH = YES;
				CODE_SIGN_IDENTITY = "iPhone Developer";
				COPY_PHASE_STRIP = NO;
				DEBUG_INFORMATION_FORMAT = "dwarf-with-dsym";
				ENABLE_NS_ASSERTIONS = NO;
				ENABLE_STRICT_OBJC_MSGSEND = YES;
				GCC_C_LANGUAGE_STANDARD = gnu11;
				GCC_NO_COMMON_BLOCKS = YES;
				GCC_WARN_64_TO_32_BIT_CONVERSION = YES;
				GCC_WARN_ABOUT_RETURN_TYPE = YES_ERROR;
				GCC_WARN_UNDECLARED_SELECTOR = YES;
				GCC_WARN_UNINITIALIZED_AUTOS = YES_AGGRESSIVE;
				GCC_WARN_UNUSED_FUNCTION = YES;
				GCC_WARN_UNUSED_VARIABLE = YES;
				IPHONEOS_DEPLOYMENT_TARGET = 9.0;
				MTL_ENABLE_DEBUG_INFO = NO;
				MTL_FAST_MATH = YES;
				SDKROOT = iphoneos;
				SWIFT_COMPILATION_MODE = wholemodule;
				SWIFT_OPTIMIZATION_LEVEL = "-O";
				VALIDATE_PRODUCT = YES;
			};
			name = Release;
		};
		A701D32F21696A1900619860 /* Debug */ = {
			isa = XCBuildConfiguration;
			baseConfigurationReference = 6446AFFB562B01D24D007214 /* Pods-WasMovie.debug.xcconfig */;
			buildSettings = {
				ASSETCATALOG_COMPILER_APPICON_NAME = AppIcon;
				CODE_SIGN_STYLE = Automatic;
				DEVELOPMENT_TEAM = XR9ZYH2G6V;
				INFOPLIST_FILE = "$(SRCROOT)/WasMovie/Resources/Support Files/Info.plist";
				IPHONEOS_DEPLOYMENT_TARGET = 9.0;
				LD_RUNPATH_SEARCH_PATHS = (
					"$(inherited)",
					"@executable_path/Frameworks",
				);
				PRODUCT_BUNDLE_IDENTIFIER = br.com.wagnersales.WasMovie;
				PRODUCT_NAME = "$(TARGET_NAME)";
				SWIFT_VERSION = 4.2;
				TARGETED_DEVICE_FAMILY = 1;
			};
			name = Debug;
		};
		A701D33021696A1900619860 /* Release */ = {
			isa = XCBuildConfiguration;
			baseConfigurationReference = D5C43C48E8B04D6D0F6D2871 /* Pods-WasMovie.release.xcconfig */;
			buildSettings = {
				ASSETCATALOG_COMPILER_APPICON_NAME = AppIcon;
				CODE_SIGN_STYLE = Automatic;
				DEVELOPMENT_TEAM = XR9ZYH2G6V;
				INFOPLIST_FILE = "$(SRCROOT)/WasMovie/Resources/Support Files/Info.plist";
				IPHONEOS_DEPLOYMENT_TARGET = 9.0;
				LD_RUNPATH_SEARCH_PATHS = (
					"$(inherited)",
					"@executable_path/Frameworks",
				);
				PRODUCT_BUNDLE_IDENTIFIER = br.com.wagnersales.WasMovie;
				PRODUCT_NAME = "$(TARGET_NAME)";
				SWIFT_VERSION = 4.2;
				TARGETED_DEVICE_FAMILY = 1;
			};
			name = Release;
		};
		A701D33221696A1900619860 /* Debug */ = {
			isa = XCBuildConfiguration;
			buildSettings = {
				ALWAYS_EMBED_SWIFT_STANDARD_LIBRARIES = YES;
				BUNDLE_LOADER = "$(TEST_HOST)";
				CODE_SIGN_STYLE = Automatic;
				DEVELOPMENT_TEAM = XR9ZYH2G6V;
				INFOPLIST_FILE = WasMovieTests/Info.plist;
				LD_RUNPATH_SEARCH_PATHS = (
					"$(inherited)",
					"@executable_path/Frameworks",
					"@loader_path/Frameworks",
				);
				PRODUCT_BUNDLE_IDENTIFIER = br.com.wagnersales.WasMovieTests;
				PRODUCT_NAME = "$(TARGET_NAME)";
				SWIFT_VERSION = 4.2;
				TARGETED_DEVICE_FAMILY = "1,2";
				TEST_HOST = "$(BUILT_PRODUCTS_DIR)/WasMovie.app/WasMovie";
			};
			name = Debug;
		};
		A701D33321696A1900619860 /* Release */ = {
			isa = XCBuildConfiguration;
			buildSettings = {
				ALWAYS_EMBED_SWIFT_STANDARD_LIBRARIES = YES;
				BUNDLE_LOADER = "$(TEST_HOST)";
				CODE_SIGN_STYLE = Automatic;
				DEVELOPMENT_TEAM = XR9ZYH2G6V;
				INFOPLIST_FILE = WasMovieTests/Info.plist;
				LD_RUNPATH_SEARCH_PATHS = (
					"$(inherited)",
					"@executable_path/Frameworks",
					"@loader_path/Frameworks",
				);
				PRODUCT_BUNDLE_IDENTIFIER = br.com.wagnersales.WasMovieTests;
				PRODUCT_NAME = "$(TARGET_NAME)";
				SWIFT_VERSION = 4.2;
				TARGETED_DEVICE_FAMILY = "1,2";
				TEST_HOST = "$(BUILT_PRODUCTS_DIR)/WasMovie.app/WasMovie";
			};
			name = Release;
		};
/* End XCBuildConfiguration section */

/* Begin XCConfigurationList section */
		A701D30C21696A1700619860 /* Build configuration list for PBXProject "WasMovie" */ = {
			isa = XCConfigurationList;
			buildConfigurations = (
				A701D32C21696A1900619860 /* Debug */,
				A701D32D21696A1900619860 /* Release */,
			);
			defaultConfigurationIsVisible = 0;
			defaultConfigurationName = Release;
		};
		A701D32E21696A1900619860 /* Build configuration list for PBXNativeTarget "WasMovie" */ = {
			isa = XCConfigurationList;
			buildConfigurations = (
				A701D32F21696A1900619860 /* Debug */,
				A701D33021696A1900619860 /* Release */,
			);
			defaultConfigurationIsVisible = 0;
			defaultConfigurationName = Release;
		};
		A701D33121696A1900619860 /* Build configuration list for PBXNativeTarget "WasMovieTests" */ = {
			isa = XCConfigurationList;
			buildConfigurations = (
				A701D33221696A1900619860 /* Debug */,
				A701D33321696A1900619860 /* Release */,
			);
			defaultConfigurationIsVisible = 0;
			defaultConfigurationName = Release;
		};
/* End XCConfigurationList section */
	};
	rootObject = A701D30921696A1700619860 /* Project object */;
}
