// !$*UTF8*$!
{
	archiveVersion = 1;
	classes = {
	};
	objectVersion = 50;
	objects = {

/* Begin PBXBuildFile section */
		A701D31521696A1700619860 /* AppDelegate.swift in Sources */ = {isa = PBXBuildFile; fileRef = A701D31421696A1700619860 /* AppDelegate.swift */; };
		A701D31721696A1700619860 /* ViewController.swift in Sources */ = {isa = PBXBuildFile; fileRef = A701D31621696A1700619860 /* ViewController.swift */; };
		A701D32A21696A1900619860 /* WasMovieTests.swift in Sources */ = {isa = PBXBuildFile; fileRef = A701D32921696A1900619860 /* WasMovieTests.swift */; };
		A70F0C1121696B28004956D7 /* Assets.xcassets in Resources */ = {isa = PBXBuildFile; fileRef = A70F0C1021696B28004956D7 /* Assets.xcassets */; };
		A774EBA121696C560004AA25 /* LaunchScreen.storyboard in Resources */ = {isa = PBXBuildFile; fileRef = A774EB9F21696C560004AA25 /* LaunchScreen.storyboard */; };
		A774EBA221696C560004AA25 /* Main.storyboard in Resources */ = {isa = PBXBuildFile; fileRef = A774EBA021696C560004AA25 /* Main.storyboard */; };
/* End PBXBuildFile section */

/* Begin PBXContainerItemProxy section */
		A701D32621696A1900619860 /* PBXContainerItemProxy */ = {
			isa = PBXContainerItemProxy;
			containerPortal = A701D30921696A1700619860 /* Project object */;
			proxyType = 1;
			remoteGlobalIDString = A701D31021696A1700619860;
			remoteInfo = WasMovie;
		};
/* End PBXContainerItemProxy section */

/* Begin PBXFileReference section */
		A701D31121696A1700619860 /* WasMovie.app */ = {isa = PBXFileReference; explicitFileType = wrapper.application; includeInIndex = 0; path = WasMovie.app; sourceTree = BUILT_PRODUCTS_DIR; };
		A701D31421696A1700619860 /* AppDelegate.swift */ = {isa = PBXFileReference; lastKnownFileType = sourcecode.swift; path = AppDelegate.swift; sourceTree = "<group>"; };
		A701D31621696A1700619860 /* ViewController.swift */ = {isa = PBXFileReference; lastKnownFileType = sourcecode.swift; path = ViewController.swift; sourceTree = "<group>"; };
		A701D32021696A1900619860 /* Info.plist */ = {isa = PBXFileReference; lastKnownFileType = text.plist.xml; path = Info.plist; sourceTree = "<group>"; };
		A701D32521696A1900619860 /* WasMovieTests.xctest */ = {isa = PBXFileReference; explicitFileType = wrapper.cfbundle; includeInIndex = 0; path = WasMovieTests.xctest; sourceTree = BUILT_PRODUCTS_DIR; };
		A701D32921696A1900619860 /* WasMovieTests.swift */ = {isa = PBXFileReference; lastKnownFileType = sourcecode.swift; path = WasMovieTests.swift; sourceTree = "<group>"; };
		A701D32B21696A1900619860 /* Info.plist */ = {isa = PBXFileReference; lastKnownFileType = text.plist.xml; path = Info.plist; sourceTree = "<group>"; };
		A70F0C1021696B28004956D7 /* Assets.xcassets */ = {isa = PBXFileReference; lastKnownFileType = folder.assetcatalog; path = Assets.xcassets; sourceTree = "<group>"; };
		A774EB9F21696C560004AA25 /* LaunchScreen.storyboard */ = {isa = PBXFileReference; fileEncoding = 4; lastKnownFileType = file.storyboard; path = LaunchScreen.storyboard; sourceTree = "<group>"; };
		A774EBA021696C560004AA25 /* Main.storyboard */ = {isa = PBXFileReference; fileEncoding = 4; lastKnownFileType = file.storyboard; path = Main.storyboard; sourceTree = "<group>"; };
/* End PBXFileReference section */

/* Begin PBXFrameworksBuildPhase section */
		A701D30E21696A1700619860 /* Frameworks */ = {
			isa = PBXFrameworksBuildPhase;
			buildActionMask = 2147483647;
			files = (
			);
			runOnlyForDeploymentPostprocessing = 0;
		};
		A701D32221696A1900619860 /* Frameworks */ = {
			isa = PBXFrameworksBuildPhase;
			buildActionMask = 2147483647;
			files = (
			);
			runOnlyForDeploymentPostprocessing = 0;
		};
/* End PBXFrameworksBuildPhase section */

/* Begin PBXGroup section */
		A701D30821696A1700619860 = {
			isa = PBXGroup;
			children = (
				A701D31321696A1700619860 /* WasMovie */,
				A701D32821696A1900619860 /* WasMovieTests */,
				A701D31221696A1700619860 /* Products */,
			);
			sourceTree = "<group>";
		};
		A701D31221696A1700619860 /* Products */ = {
			isa = PBXGroup;
			children = (
				A701D31121696A1700619860 /* WasMovie.app */,
				A701D32521696A1900619860 /* WasMovieTests.xctest */,
			);
			name = Products;
			sourceTree = "<group>";
		};
		A701D31321696A1700619860 /* WasMovie */ = {
			isa = PBXGroup;
			children = (
				A70F0C1321696BC5004956D7 /* Resources */,
				A70F0C1221696BBE004956D7 /* Sources */,
			);
			path = WasMovie;
			sourceTree = "<group>";
		};
		A701D32821696A1900619860 /* WasMovieTests */ = {
			isa = PBXGroup;
			children = (
				A701D32921696A1900619860 /* WasMovieTests.swift */,
				A701D32B21696A1900619860 /* Info.plist */,
			);
			path = WasMovieTests;
			sourceTree = "<group>";
		};
		A70F0C1221696BBE004956D7 /* Sources */ = {
			isa = PBXGroup;
			children = (
				A701D31421696A1700619860 /* AppDelegate.swift */,
				A701D31621696A1700619860 /* ViewController.swift */,
			);
			path = Sources;
			sourceTree = "<group>";
		};
		A70F0C1321696BC5004956D7 /* Resources */ = {
			isa = PBXGroup;
			children = (
				A70F0C1021696B28004956D7 /* Assets.xcassets */,
				A70F0C1521696BFE004956D7 /* Support Files */,
				A70F0C1421696BEF004956D7 /* Presentation */,
			);
			path = Resources;
			sourceTree = "<group>";
		};
		A70F0C1421696BEF004956D7 /* Presentation */ = {
			isa = PBXGroup;
			children = (
				A774EB9F21696C560004AA25 /* LaunchScreen.storyboard */,
				A774EBA021696C560004AA25 /* Main.storyboard */,
			);
			path = Presentation;
			sourceTree = "<group>";
		};
		A70F0C1521696BFE004956D7 /* Support Files */ = {
			isa = PBXGroup;
			children = (
				A701D32021696A1900619860 /* Info.plist */,
			);
			path = "Support Files";
			sourceTree = "<group>";
		};
/* End PBXGroup section */

/* Begin PBXNativeTarget section */
		A701D31021696A1700619860 /* WasMovie */ = {
			isa = PBXNativeTarget;
			buildConfigurationList = A701D32E21696A1900619860 /* Build configuration list for PBXNativeTarget "WasMovie" */;
			buildPhases = (
				A701D30D21696A1700619860 /* Sources */,
				A701D30E21696A1700619860 /* Frameworks */,
				A701D30F21696A1700619860 /* Resources */,
			);
			buildRules = (
			);
			dependencies = (
			);
			name = WasMovie;
			productName = WasMovie;
			productReference = A701D31121696A1700619860 /* WasMovie.app */;
			productType = "com.apple.product-type.application";
		};
		A701D32421696A1900619860 /* WasMovieTests */ = {
			isa = PBXNativeTarget;
			buildConfigurationList = A701D33121696A1900619860 /* Build configuration list for PBXNativeTarget "WasMovieTests" */;
			buildPhases = (
				A701D32121696A1900619860 /* Sources */,
				A701D32221696A1900619860 /* Frameworks */,
				A701D32321696A1900619860 /* Resources */,
			);
			buildRules = (
			);
			dependencies = (
				A701D32721696A1900619860 /* PBXTargetDependency */,
			);
			name = WasMovieTests;
			productName = WasMovieTests;
			productReference = A701D32521696A1900619860 /* WasMovieTests.xctest */;
			productType = "com.apple.product-type.bundle.unit-test";
		};
/* End PBXNativeTarget section */

/* Begin PBXProject section */
		A701D30921696A1700619860 /* Project object */ = {
			isa = PBXProject;
			attributes = {
				LastSwiftUpdateCheck = 1000;
				LastUpgradeCheck = 1000;
				ORGANIZATIONNAME = "Wagner Sales";
				TargetAttributes = {
					A701D31021696A1700619860 = {
						CreatedOnToolsVersion = 10.0;
					};
					A701D32421696A1900619860 = {
						CreatedOnToolsVersion = 10.0;
						TestTargetID = A701D31021696A1700619860;
					};
				};
			};
			buildConfigurationList = A701D30C21696A1700619860 /* Build configuration list for PBXProject "WasMovie" */;
			compatibilityVersion = "Xcode 9.3";
			developmentRegion = en;
			hasScannedForEncodings = 0;
			knownRegions = (
				en,
				Base,
			);
			mainGroup = A701D30821696A1700619860;
			productRefGroup = A701D31221696A1700619860 /* Products */;
			projectDirPath = "";
			projectRoot = "";
			targets = (
				A701D31021696A1700619860 /* WasMovie */,
				A701D32421696A1900619860 /* WasMovieTests */,
			);
		};
/* End PBXProject section */

/* Begin PBXResourcesBuildPhase section */
		A701D30F21696A1700619860 /* Resources */ = {
			isa = PBXResourcesBuildPhase;
			buildActionMask = 2147483647;
			files = (
				A774EBA221696C560004AA25 /* Main.storyboard in Resources */,
				A70F0C1121696B28004956D7 /* Assets.xcassets in Resources */,
				A774EBA121696C560004AA25 /* LaunchScreen.storyboard in Resources */,
			);
			runOnlyForDeploymentPostprocessing = 0;
		};
		A701D32321696A1900619860 /* Resources */ = {
			isa = PBXResourcesBuildPhase;
			buildActionMask = 2147483647;
			files = (
			);
			runOnlyForDeploymentPostprocessing = 0;
		};
/* End PBXResourcesBuildPhase section */

/* Begin PBXSourcesBuildPhase section */
		A701D30D21696A1700619860 /* Sources */ = {
			isa = PBXSourcesBuildPhase;
			buildActionMask = 2147483647;
			files = (
				A701D31721696A1700619860 /* ViewController.swift in Sources */,
				A701D31521696A1700619860 /* AppDelegate.swift in Sources */,
			);
			runOnlyForDeploymentPostprocessing = 0;
		};
		A701D32121696A1900619860 /* Sources */ = {
			isa = PBXSourcesBuildPhase;
			buildActionMask = 2147483647;
			files = (
				A701D32A21696A1900619860 /* WasMovieTests.swift in Sources */,
			);
			runOnlyForDeploymentPostprocessing = 0;
		};
/* End PBXSourcesBuildPhase section */

/* Begin PBXTargetDependency section */
		A701D32721696A1900619860 /* PBXTargetDependency */ = {
			isa = PBXTargetDependency;
			target = A701D31021696A1700619860 /* WasMovie */;
			targetProxy = A701D32621696A1900619860 /* PBXContainerItemProxy */;
		};
/* End PBXTargetDependency section */

/* Begin XCBuildConfiguration section */
		A701D32C21696A1900619860 /* Debug */ = {
			isa = XCBuildConfiguration;
			buildSettings = {
				ALWAYS_SEARCH_USER_PATHS = NO;
				CLANG_ANALYZER_NONNULL = YES;
				CLANG_ANALYZER_NUMBER_OBJECT_CONVERSION = YES_AGGRESSIVE;
				CLANG_CXX_LANGUAGE_STANDARD = "gnu++14";
				CLANG_CXX_LIBRARY = "libc++";
				CLANG_ENABLE_MODULES = YES;
				CLANG_ENABLE_OBJC_ARC = YES;
				CLANG_ENABLE_OBJC_WEAK = YES;
				CLANG_WARN_BLOCK_CAPTURE_AUTORELEASING = YES;
				CLANG_WARN_BOOL_CONVERSION = YES;
				CLANG_WARN_COMMA = YES;
				CLANG_WARN_CONSTANT_CONVERSION = YES;
				CLANG_WARN_DEPRECATED_OBJC_IMPLEMENTATIONS = YES;
				CLANG_WARN_DIRECT_OBJC_ISA_USAGE = YES_ERROR;
				CLANG_WARN_DOCUMENTATION_COMMENTS = YES;
				CLANG_WARN_EMPTY_BODY = YES;
				CLANG_WARN_ENUM_CONVERSION = YES;
				CLANG_WARN_INFINITE_RECURSION = YES;
				CLANG_WARN_INT_CONVERSION = YES;
				CLANG_WARN_NON_LITERAL_NULL_CONVERSION = YES;
				CLANG_WARN_OBJC_IMPLICIT_RETAIN_SELF = YES;
				CLANG_WARN_OBJC_LITERAL_CONVERSION = YES;
				CLANG_WARN_OBJC_ROOT_CLASS = YES_ERROR;
				CLANG_WARN_RANGE_LOOP_ANALYSIS = YES;
				CLANG_WARN_STRICT_PROTOTYPES = YES;
				CLANG_WARN_SUSPICIOUS_MOVE = YES;
				CLANG_WARN_UNGUARDED_AVAILABILITY = YES_AGGRESSIVE;
				CLANG_WARN_UNREACHABLE_CODE = YES;
				CLANG_WARN__DUPLICATE_METHOD_MATCH = YES;
				CODE_SIGN_IDENTITY = "iPhone Developer";
				COPY_PHASE_STRIP = NO;
				DEBUG_INFORMATION_FORMAT = dwarf;
				ENABLE_STRICT_OBJC_MSGSEND = YES;
				ENABLE_TESTABILITY = YES;
				GCC_C_LANGUAGE_STANDARD = gnu11;
				GCC_DYNAMIC_NO_PIC = NO;
				GCC_NO_COMMON_BLOCKS = YES;
				GCC_OPTIMIZATION_LEVEL = 0;
				GCC_PREPROCESSOR_DEFINITIONS = (
					"DEBUG=1",
					"$(inherited)",
				);
				GCC_WARN_64_TO_32_BIT_CONVERSION = YES;
				GCC_WARN_ABOUT_RETURN_TYPE = YES_ERROR;
				GCC_WARN_UNDECLARED_SELECTOR = YES;
				GCC_WARN_UNINITIALIZED_AUTOS = YES_AGGRESSIVE;
				GCC_WARN_UNUSED_FUNCTION = YES;
				GCC_WARN_UNUSED_VARIABLE = YES;
				IPHONEOS_DEPLOYMENT_TARGET = 12.0;
				MTL_ENABLE_DEBUG_INFO = INCLUDE_SOURCE;
				MTL_FAST_MATH = YES;
				ONLY_ACTIVE_ARCH = YES;
				SDKROOT = iphoneos;
				SWIFT_ACTIVE_COMPILATION_CONDITIONS = DEBUG;
				SWIFT_OPTIMIZATION_LEVEL = "-Onone";
			};
			name = Debug;
		};
		A701D32D21696A1900619860 /* Release */ = {
			isa = XCBuildConfiguration;
			buildSettings = {
				ALWAYS_SEARCH_USER_PATHS = NO;
				CLANG_ANALYZER_NONNULL = YES;
				CLANG_ANALYZER_NUMBER_OBJECT_CONVERSION = YES_AGGRESSIVE;
				CLANG_CXX_LANGUAGE_STANDARD = "gnu++14";
				CLANG_CXX_LIBRARY = "libc++";
				CLANG_ENABLE_MODULES = YES;
				CLANG_ENABLE_OBJC_ARC = YES;
				CLANG_ENABLE_OBJC_WEAK = YES;
				CLANG_WARN_BLOCK_CAPTURE_AUTORELEASING = YES;
				CLANG_WARN_BOOL_CONVERSION = YES;
				CLANG_WARN_COMMA = YES;
				CLANG_WARN_CONSTANT_CONVERSION = YES;
				CLANG_WARN_DEPRECATED_OBJC_IMPLEMENTATIONS = YES;
				CLANG_WARN_DIRECT_OBJC_ISA_USAGE = YES_ERROR;
				CLANG_WARN_DOCUMENTATION_COMMENTS = YES;
				CLANG_WARN_EMPTY_BODY = YES;
				CLANG_WARN_ENUM_CONVERSION = YES;
				CLANG_WARN_INFINITE_RECURSION = YES;
				CLANG_WARN_INT_CONVERSION = YES;
				CLANG_WARN_NON_LITERAL_NULL_CONVERSION = YES;
				CLANG_WARN_OBJC_IMPLICIT_RETAIN_SELF = YES;
				CLANG_WARN_OBJC_LITERAL_CONVERSION = YES;
				CLANG_WARN_OBJC_ROOT_CLASS = YES_ERROR;
				CLANG_WARN_RANGE_LOOP_ANALYSIS = YES;
				CLANG_WARN_STRICT_PROTOTYPES = YES;
				CLANG_WARN_SUSPICIOUS_MOVE = YES;
				CLANG_WARN_UNGUARDED_AVAILABILITY = YES_AGGRESSIVE;
				CLANG_WARN_UNREACHABLE_CODE = YES;
				CLANG_WARN__DUPLICATE_METHOD_MATCH = YES;
				CODE_SIGN_IDENTITY = "iPhone Developer";
				COPY_PHASE_STRIP = NO;
				DEBUG_INFORMATION_FORMAT = "dwarf-with-dsym";
				ENABLE_NS_ASSERTIONS = NO;
				ENABLE_STRICT_OBJC_MSGSEND = YES;
				GCC_C_LANGUAGE_STANDARD = gnu11;
				GCC_NO_COMMON_BLOCKS = YES;
				GCC_WARN_64_TO_32_BIT_CONVERSION = YES;
				GCC_WARN_ABOUT_RETURN_TYPE = YES_ERROR;
				GCC_WARN_UNDECLARED_SELECTOR = YES;
				GCC_WARN_UNINITIALIZED_AUTOS = YES_AGGRESSIVE;
				GCC_WARN_UNUSED_FUNCTION = YES;
				GCC_WARN_UNUSED_VARIABLE = YES;
				IPHONEOS_DEPLOYMENT_TARGET = 12.0;
				MTL_ENABLE_DEBUG_INFO = NO;
				MTL_FAST_MATH = YES;
				SDKROOT = iphoneos;
				SWIFT_COMPILATION_MODE = wholemodule;
				SWIFT_OPTIMIZATION_LEVEL = "-O";
				VALIDATE_PRODUCT = YES;
			};
			name = Release;
		};
		A701D32F21696A1900619860 /* Debug */ = {
			isa = XCBuildConfiguration;
			buildSettings = {
				ASSETCATALOG_COMPILER_APPICON_NAME = AppIcon;
				CODE_SIGN_STYLE = Automatic;
				DEVELOPMENT_TEAM = XR9ZYH2G6V;
				INFOPLIST_FILE = "$(SRCROOT)/WasMovie/Resources/Support Files/Info.plist";
				IPHONEOS_DEPLOYMENT_TARGET = 9.0;
				LD_RUNPATH_SEARCH_PATHS = (
					"$(inherited)",
					"@executable_path/Frameworks",
				);
				PRODUCT_BUNDLE_IDENTIFIER = br.com.wagnersales.WasMovie;
				PRODUCT_NAME = "$(TARGET_NAME)";
				SWIFT_VERSION = 4.2;
				TARGETED_DEVICE_FAMILY = 1;
			};
			name = Debug;
		};
		A701D33021696A1900619860 /* Release */ = {
			isa = XCBuildConfiguration;
			buildSettings = {
				ASSETCATALOG_COMPILER_APPICON_NAME = AppIcon;
				CODE_SIGN_STYLE = Automatic;
				DEVELOPMENT_TEAM = XR9ZYH2G6V;
				INFOPLIST_FILE = "$(SRCROOT)/WasMovie/Resources/Support Files/Info.plist";
				IPHONEOS_DEPLOYMENT_TARGET = 9.0;
				LD_RUNPATH_SEARCH_PATHS = (
					"$(inherited)",
					"@executable_path/Frameworks",
				);
				PRODUCT_BUNDLE_IDENTIFIER = br.com.wagnersales.WasMovie;
				PRODUCT_NAME = "$(TARGET_NAME)";
				SWIFT_VERSION = 4.2;
				TARGETED_DEVICE_FAMILY = 1;
			};
			name = Release;
		};
		A701D33221696A1900619860 /* Debug */ = {
			isa = XCBuildConfiguration;
			buildSettings = {
				ALWAYS_EMBED_SWIFT_STANDARD_LIBRARIES = YES;
				BUNDLE_LOADER = "$(TEST_HOST)";
				CODE_SIGN_STYLE = Automatic;
				DEVELOPMENT_TEAM = XR9ZYH2G6V;
				INFOPLIST_FILE = WasMovieTests/Info.plist;
				LD_RUNPATH_SEARCH_PATHS = (
					"$(inherited)",
					"@executable_path/Frameworks",
					"@loader_path/Frameworks",
				);
				PRODUCT_BUNDLE_IDENTIFIER = br.com.wagnersales.WasMovieTests;
				PRODUCT_NAME = "$(TARGET_NAME)";
				SWIFT_VERSION = 4.2;
				TARGETED_DEVICE_FAMILY = "1,2";
				TEST_HOST = "$(BUILT_PRODUCTS_DIR)/WasMovie.app/WasMovie";
			};
			name = Debug;
		};
		A701D33321696A1900619860 /* Release */ = {
			isa = XCBuildConfiguration;
			buildSettings = {
				ALWAYS_EMBED_SWIFT_STANDARD_LIBRARIES = YES;
				BUNDLE_LOADER = "$(TEST_HOST)";
				CODE_SIGN_STYLE = Automatic;
				DEVELOPMENT_TEAM = XR9ZYH2G6V;
				INFOPLIST_FILE = WasMovieTests/Info.plist;
				LD_RUNPATH_SEARCH_PATHS = (
					"$(inherited)",
					"@executable_path/Frameworks",
					"@loader_path/Frameworks",
				);
				PRODUCT_BUNDLE_IDENTIFIER = br.com.wagnersales.WasMovieTests;
				PRODUCT_NAME = "$(TARGET_NAME)";
				SWIFT_VERSION = 4.2;
				TARGETED_DEVICE_FAMILY = "1,2";
				TEST_HOST = "$(BUILT_PRODUCTS_DIR)/WasMovie.app/WasMovie";
			};
			name = Release;
		};
/* End XCBuildConfiguration section */

/* Begin XCConfigurationList section */
		A701D30C21696A1700619860 /* Build configuration list for PBXProject "WasMovie" */ = {
			isa = XCConfigurationList;
			buildConfigurations = (
				A701D32C21696A1900619860 /* Debug */,
				A701D32D21696A1900619860 /* Release */,
			);
			defaultConfigurationIsVisible = 0;
			defaultConfigurationName = Release;
		};
		A701D32E21696A1900619860 /* Build configuration list for PBXNativeTarget "WasMovie" */ = {
			isa = XCConfigurationList;
			buildConfigurations = (
				A701D32F21696A1900619860 /* Debug */,
				A701D33021696A1900619860 /* Release */,
			);
			defaultConfigurationIsVisible = 0;
			defaultConfigurationName = Release;
		};
		A701D33121696A1900619860 /* Build configuration list for PBXNativeTarget "WasMovieTests" */ = {
			isa = XCConfigurationList;
			buildConfigurations = (
				A701D33221696A1900619860 /* Debug */,
				A701D33321696A1900619860 /* Release */,
			);
			defaultConfigurationIsVisible = 0;
			defaultConfigurationName = Release;
		};
/* End XCConfigurationList section */
	};
	rootObject = A701D30921696A1700619860 /* Project object */;
}
